version = 1
revision = 3
requires-python = ">=3.14"

[[package]]
name = "attrs"
version = "25.4.0"
source = { registry = "https://pypi.org/simple" }
sdist = { url = "https://files.pythonhosted.org/packages/6b/5c/685e6633917e101e5dcb62b9dd76946cbb57c26e133bae9e0cd36033c0a9/attrs-25.4.0.tar.gz", hash = "sha256:16d5969b87f0859ef33a48b35d55ac1be6e42ae49d5e853b597db70c35c57e11", size = 934251, upload-time = "2025-10-06T13:54:44.725Z" }
wheels = [
    { url = "https://files.pythonhosted.org/packages/3a/2a/7cc015f5b9f5db42b7d48157e23356022889fc354a2813c15934b7cb5c0e/attrs-25.4.0-py3-none-any.whl", hash = "sha256:adcf7e2a1fb3b36ac48d97835bb6d8ade15b8dcce26aba8bf1d14847b57a3373", size = 67615, upload-time = "2025-10-06T13:54:43.17Z" },
]

[[package]]
name = "black"
version = "26.1.0"
source = { registry = "https://pypi.org/simple" }
dependencies = [
    { name = "click" },
    { name = "mypy-extensions" },
    { name = "packaging" },
    { name = "pathspec" },
    { name = "platformdirs" },
    { name = "pytokens" },
]
sdist = { url = "https://files.pythonhosted.org/packages/13/88/560b11e521c522440af991d46848a2bde64b5f7202ec14e1f46f9509d328/black-26.1.0.tar.gz", hash = "sha256:d294ac3340eef9c9eb5d29288e96dc719ff269a88e27b396340459dd85da4c58", size = 658785, upload-time = "2026-01-18T04:50:11.993Z" }
wheels = [
    { url = "https://files.pythonhosted.org/packages/6a/83/be35a175aacfce4b05584ac415fd317dd6c24e93a0af2dcedce0f686f5d8/black-26.1.0-cp314-cp314-macosx_10_15_x86_64.whl", hash = "sha256:9dc8c71656a79ca49b8d3e2ce8103210c9481c57798b48deeb3a8bb02db5f115", size = 1871864, upload-time = "2026-01-18T04:59:47.586Z" },
    { url = "https://files.pythonhosted.org/packages/a5/f5/d33696c099450b1274d925a42b7a030cd3ea1f56d72e5ca8bbed5f52759c/black-26.1.0-cp314-cp314-macosx_11_0_arm64.whl", hash = "sha256:b22b3810451abe359a964cc88121d57f7bce482b53a066de0f1584988ca36e79", size = 1701009, upload-time = "2026-01-18T04:59:49.443Z" },
    { url = "https://files.pythonhosted.org/packages/1b/87/670dd888c537acb53a863bc15abbd85b22b429237d9de1b77c0ed6b79c42/black-26.1.0-cp314-cp314-manylinux2014_x86_64.manylinux_2_17_x86_64.manylinux_2_28_x86_64.whl", hash = "sha256:53c62883b3f999f14e5d30b5a79bd437236658ad45b2f853906c7cbe79de00af", size = 1767806, upload-time = "2026-01-18T04:59:50.769Z" },
    { url = "https://files.pythonhosted.org/packages/fe/9c/cd3deb79bfec5bcf30f9d2100ffeec63eecce826eb63e3961708b9431ff1/black-26.1.0-cp314-cp314-win_amd64.whl", hash = "sha256:f016baaadc423dc960cdddf9acae679e71ee02c4c341f78f3179d7e4819c095f", size = 1433217, upload-time = "2026-01-18T04:59:52.218Z" },
    { url = "https://files.pythonhosted.org/packages/4e/29/f3be41a1cf502a283506f40f5d27203249d181f7a1a2abce1c6ce188035a/black-26.1.0-cp314-cp314-win_arm64.whl", hash = "sha256:66912475200b67ef5a0ab665011964bf924745103f51977a78b4fb92a9fc1bf0", size = 1245773, upload-time = "2026-01-18T04:59:54.457Z" },
    { url = "https://files.pythonhosted.org/packages/e4/3d/51bdb3ecbfadfaf825ec0c75e1de6077422b4afa2091c6c9ba34fbfc0c2d/black-26.1.0-py3-none-any.whl", hash = "sha256:1054e8e47ebd686e078c0bb0eaf31e6ce69c966058d122f2c0c950311f9f3ede", size = 204010, upload-time = "2026-01-18T04:50:09.978Z" },
]

[[package]]
name = "cattrs"
version = "25.3.0"
source = { registry = "https://pypi.org/simple" }
dependencies = [
    { name = "attrs" },
    { name = "typing-extensions" },
]
sdist = { url = "https://files.pythonhosted.org/packages/6e/00/2432bb2d445b39b5407f0a90e01b9a271475eea7caf913d7a86bcb956385/cattrs-25.3.0.tar.gz", hash = "sha256:1ac88d9e5eda10436c4517e390a4142d88638fe682c436c93db7ce4a277b884a", size = 509321, upload-time = "2025-10-07T12:26:08.737Z" }
wheels = [
    { url = "https://files.pythonhosted.org/packages/d8/2b/a40e1488fdfa02d3f9a653a61a5935ea08b3c2225ee818db6a76c7ba9695/cattrs-25.3.0-py3-none-any.whl", hash = "sha256:9896e84e0a5bf723bc7b4b68f4481785367ce07a8a02e7e9ee6eb2819bc306ff", size = 70738, upload-time = "2025-10-07T12:26:06.603Z" },
]

[[package]]
name = "click"
version = "8.3.1"
source = { registry = "https://pypi.org/simple" }
dependencies = [
    { name = "colorama", marker = "sys_platform == 'win32'" },
]
sdist = { url = "https://files.pythonhosted.org/packages/3d/fa/656b739db8587d7b5dfa22e22ed02566950fbfbcdc20311993483657a5c0/click-8.3.1.tar.gz", hash = "sha256:12ff4785d337a1bb490bb7e9c2b1ee5da3112e94a8622f26a6c77f5d2fc6842a", size = 295065, upload-time = "2025-11-15T20:45:42.706Z" }
wheels = [
    { url = "https://files.pythonhosted.org/packages/98/78/01c019cdb5d6498122777c1a43056ebb3ebfeef2076d9d026bfe15583b2b/click-8.3.1-py3-none-any.whl", hash = "sha256:981153a64e25f12d547d3426c367a4857371575ee7ad18df2a6183ab0545b2a6", size = 108274, upload-time = "2025-11-15T20:45:41.139Z" },
]

[[package]]
name = "colorama"
version = "0.4.6"
source = { registry = "https://pypi.org/simple" }
sdist = { url = "https://files.pythonhosted.org/packages/d8/53/6f443c9a4a8358a93a6792e2acffb9d9d5cb0a5cfd8802644b7b1c9a02e4/colorama-0.4.6.tar.gz", hash = "sha256:08695f5cb7ed6e0531a20572697297273c47b8cae5a63ffc6d6ed5c201be6e44", size = 27697, upload-time = "2022-10-25T02:36:22.414Z" }
wheels = [
    { url = "https://files.pythonhosted.org/packages/d1/d6/3965ed04c63042e047cb6a3e6ed1a63a35087b6a609aa3a15ed8ac56c221/colorama-0.4.6-py2.py3-none-any.whl", hash = "sha256:4f1d9991f5acc0ca119f9d443620b77f9d6b33703e51011c16baf57afb285fc6", size = 25335, upload-time = "2022-10-25T02:36:20.889Z" },
]

[[package]]
name = "docstring-to-markdown"
version = "0.17"
source = { registry = "https://pypi.org/simple" }
dependencies = [
    { name = "importlib-metadata" },
    { name = "typing-extensions" },
]
sdist = { url = "https://files.pythonhosted.org/packages/52/d8/8abe80d62c5dce1075578031bcfde07e735bcf0afe2886dd48b470162ab4/docstring_to_markdown-0.17.tar.gz", hash = "sha256:df72a112294c7492487c9da2451cae0faeee06e86008245c188c5761c9590ca3", size = 32260, upload-time = "2025-05-02T15:09:07.932Z" }
wheels = [
    { url = "https://files.pythonhosted.org/packages/56/7b/af3d0da15bed3a8665419bb3a630585756920f4ad67abfdfef26240ebcc0/docstring_to_markdown-0.17-py3-none-any.whl", hash = "sha256:fd7d5094aa83943bf5f9e1a13701866b7c452eac19765380dead666e36d3711c", size = 23479, upload-time = "2025-05-02T15:09:06.676Z" },
]

[[package]]
name = "duct"
version = "1.0.1"
source = { registry = "https://pypi.org/simple" }
sdist = { url = "https://files.pythonhosted.org/packages/03/68/505d551c5c7e6ba31b0e176861ea9f87fed45c6357e42e0f3cb436f30ec1/duct-1.0.1.tar.gz", hash = "sha256:a46839355f82585e64f348ac6401f1ec21ab19c186e661d161d4e9ceb3a240d7", size = 17248, upload-time = "2025-11-09T06:39:27.825Z" }
wheels = [
    { url = "https://files.pythonhosted.org/packages/f9/b9/5e71b1f3149916e73523b43e150e33ddd6ed4da38b96ee0a746f08471881/duct-1.0.1-py3-none-any.whl", hash = "sha256:ce8a93bd4b081b0244cd71c337edc4d6df78dc6d20b42da283e984780a5e9b1e", size = 17891, upload-time = "2025-11-09T06:39:26.457Z" },
]

[[package]]
name = "importlib-metadata"
version = "8.7.1"
source = { registry = "https://pypi.org/simple" }
dependencies = [
    { name = "zipp" },
]
sdist = { url = "https://files.pythonhosted.org/packages/f3/49/3b30cad09e7771a4982d9975a8cbf64f00d4a1ececb53297f1d9a7be1b10/importlib_metadata-8.7.1.tar.gz", hash = "sha256:49fef1ae6440c182052f407c8d34a68f72efc36db9ca90dc0113398f2fdde8bb", size = 57107, upload-time = "2025-12-21T10:00:19.278Z" }
wheels = [
    { url = "https://files.pythonhosted.org/packages/fa/5e/f8e9a1d23b9c20a551a8a02ea3637b4642e22c2626e3a13a9a29cdea99eb/importlib_metadata-8.7.1-py3-none-any.whl", hash = "sha256:5a1f80bf1daa489495071efbb095d75a634cf28a8bc299581244063b53176151", size = 27865, upload-time = "2025-12-21T10:00:18.329Z" },
]

[[package]]
name = "iniconfig"
version = "2.3.0"
source = { registry = "https://pypi.org/simple" }
sdist = { url = "https://files.pythonhosted.org/packages/72/34/14ca021ce8e5dfedc35312d08ba8bf51fdd999c576889fc2c24cb97f4f10/iniconfig-2.3.0.tar.gz", hash = "sha256:c76315c77db068650d49c5b56314774a7804df16fee4402c1f19d6d15d8c4730", size = 20503, upload-time = "2025-10-18T21:55:43.219Z" }
wheels = [
    { url = "https://files.pythonhosted.org/packages/cb/b1/3846dd7f199d53cb17f49cba7e651e9ce294d8497c8c150530ed11865bb8/iniconfig-2.3.0-py3-none-any.whl", hash = "sha256:f631c04d2c48c52b84d0d0549c99ff3859c98df65b3101406327ecc7d53fbf12", size = 7484, upload-time = "2025-10-18T21:55:41.639Z" },
]

[[package]]
name = "jedi"
version = "0.19.2"
source = { registry = "https://pypi.org/simple" }
dependencies = [
    { name = "parso" },
]
sdist = { url = "https://files.pythonhosted.org/packages/72/3a/79a912fbd4d8dd6fbb02bf69afd3bb72cf0c729bb3063c6f4498603db17a/jedi-0.19.2.tar.gz", hash = "sha256:4770dc3de41bde3966b02eb84fbcf557fb33cce26ad23da12c742fb50ecb11f0", size = 1231287, upload-time = "2024-11-11T01:41:42.873Z" }
wheels = [
    { url = "https://files.pythonhosted.org/packages/c0/5a/9cac0c82afec3d09ccd97c8b6502d48f165f9124db81b4bcb90b4af974ee/jedi-0.19.2-py2.py3-none-any.whl", hash = "sha256:a8ef22bde8490f57fe5c7681a3c83cb58874daf72b4784de3cce5b6ef6edb5b9", size = 1572278, upload-time = "2024-11-11T01:41:40.175Z" },
]

[[package]]
name = "kudu"
source = { editable = "." }
dependencies = [
    { name = "duct" },
    { name = "loguru" },
    { name = "maturin" },
]

[package.dev-dependencies]
dev = [
    { name = "pytest" },
    { name = "python-lsp-ruff" },
    { name = "python-lsp-server" },
]

[package.metadata]
requires-dist = [
    { name = "duct" },
    { name = "loguru" },
    { name = "maturin", specifier = ">=1.11,<2.0" },
]

[package.metadata.requires-dev]
dev = [
    { name = "pytest", specifier = ">=8.3.5" },
    { name = "python-lsp-ruff", specifier = ">=2.2.2" },
    { name = "python-lsp-server", specifier = ">=1.12.2" },
]

[[package]]
name = "loguru"
version = "0.7.3"
source = { registry = "https://pypi.org/simple" }
dependencies = [
    { name = "colorama", marker = "sys_platform == 'win32'" },
    { name = "win32-setctime", marker = "sys_platform == 'win32'" },
]
sdist = { url = "https://files.pythonhosted.org/packages/3a/05/a1dae3dffd1116099471c643b8924f5aa6524411dc6c63fdae648c4f1aca/loguru-0.7.3.tar.gz", hash = "sha256:19480589e77d47b8d85b2c827ad95d49bf31b0dcde16593892eb51dd18706eb6", size = 63559, upload-time = "2024-12-06T11:20:56.608Z" }
wheels = [
    { url = "https://files.pythonhosted.org/packages/0c/29/0348de65b8cc732daa3e33e67806420b2ae89bdce2b04af740289c5c6c8c/loguru-0.7.3-py3-none-any.whl", hash = "sha256:31a33c10c8e1e10422bfd431aeb5d351c7cf7fa671e3c4df004162264b28220c", size = 61595, upload-time = "2024-12-06T11:20:54.538Z" },
]

[[package]]
name = "lsprotocol"
version = "2025.0.0"
source = { registry = "https://pypi.org/simple" }
dependencies = [
    { name = "attrs" },
    { name = "cattrs" },
]
sdist = { url = "https://files.pythonhosted.org/packages/e9/26/67b84e6ec1402f0e6764ef3d2a0aaf9a79522cc1d37738f4e5bb0b21521a/lsprotocol-2025.0.0.tar.gz", hash = "sha256:e879da2b9301e82cfc3e60d805630487ac2f7ab17492f4f5ba5aaba94fe56c29", size = 74896, upload-time = "2025-06-17T21:30:18.156Z" }
wheels = [
    { url = "https://files.pythonhosted.org/packages/7b/f0/92f2d609d6642b5f30cb50a885d2bf1483301c69d5786286500d15651ef2/lsprotocol-2025.0.0-py3-none-any.whl", hash = "sha256:f9d78f25221f2a60eaa4a96d3b4ffae011b107537facee61d3da3313880995c7", size = 76250, upload-time = "2025-06-17T21:30:19.455Z" },
]

[[package]]
name = "maturin"
version = "1.12.2"
source = { registry = "https://pypi.org/simple" }
sdist = { url = "https://files.pythonhosted.org/packages/ae/13/aeff8a21835ed0e40c329c286750fcdcdcbf231f1a5cb327378666c5def6/maturin-1.12.2.tar.gz", hash = "sha256:d6253079f53dbb692395a13abddc0f2d3d96af32f8c0b32e2912849713c55794", size = 257279, upload-time = "2026-02-16T13:56:20.221Z" }
wheels = [
    { url = "https://files.pythonhosted.org/packages/8a/9d/4811e1fcaa346a0b9fad6aee0ac0eec9eb376a24fe27c66d5d4fe975586e/maturin-1.12.2-py3-none-linux_armv6l.whl", hash = "sha256:0ed31b6a392928ad23645a470edc4f3814b952a416e41f8e5daac42d7bfbabc6", size = 9653200, upload-time = "2026-02-16T13:56:16.216Z" },
    { url = "https://files.pythonhosted.org/packages/69/db/74d582af74c32bbda12e4d7e153b389884409a1c5cd31edc9d3194d515f7/maturin-1.12.2-py3-none-macosx_10_12_x86_64.macosx_11_0_arm64.macosx_10_12_universal2.whl", hash = "sha256:f1c2e4ee43bf286b052091a3b2356a157978985837c7aed42354deb2947a4006", size = 18870087, upload-time = "2026-02-16T13:56:18.463Z" },
    { url = "https://files.pythonhosted.org/packages/9d/6f/71be226c6780387f032c0b4ab791c390c7162ed62f93a11e600f9266dafd/maturin-1.12.2-py3-none-macosx_10_12_x86_64.whl", hash = "sha256:04c9c4f9c9f904f007cbfcd4640c406e53f19d04c220f5940d1537edb914d325", size = 9762083, upload-time = "2026-02-16T13:56:27.853Z" },
    { url = "https://files.pythonhosted.org/packages/6a/cc/989dce6140227277b4184aab248d07fe67fa11f95411ccf90e272542287d/maturin-1.12.2-py3-none-manylinux_2_12_i686.manylinux2010_i686.musllinux_1_1_i686.whl", hash = "sha256:4bdc486b9ab80d8b50143ecc9a1924b890866fe95be150dd9a59fa22a6b37238", size = 9710711, upload-time = "2026-02-16T13:56:21.364Z" },
    { url = "https://files.pythonhosted.org/packages/a1/e8/02bb64f7150013d8af3ca622944e22f550beb312b6d5cf8760dc2896cce8/maturin-1.12.2-py3-none-manylinux_2_12_x86_64.manylinux2010_x86_64.musllinux_1_1_x86_64.whl", hash = "sha256:134e895578258a693ba1d55b166c2ba96e9f51067e106b8a74d422432653d45b", size = 10205015, upload-time = "2026-02-16T13:56:07.994Z" },
    { url = "https://files.pythonhosted.org/packages/84/81/b603a74bef68fabd402d1e54f43560213ea69c3c01467610d0256eea013b/maturin-1.12.2-py3-none-manylinux_2_17_aarch64.manylinux2014_aarch64.musllinux_1_1_aarch64.whl", hash = "sha256:39665d622dcc950ab17b9569e8cab84a4d64eea6a18b540a8b49e00c0f7dda02", size = 9536887, upload-time = "2026-02-16T13:56:25.658Z" },
    { url = "https://files.pythonhosted.org/packages/70/a5/387c7bced34f7fd8d08d399c6b1ac3d94d7ca50c9f87db9e1bc0dd8c8d08/maturin-1.12.2-py3-none-manylinux_2_17_armv7l.manylinux2014_armv7l.musllinux_1_1_armv7l.whl", hash = "sha256:ca3b20bcc3aff115c9eaf97340e78bff58829ea1efa16764940dd0d858dcf6af", size = 9487394, upload-time = "2026-02-16T13:56:29.875Z" },
    { url = "https://files.pythonhosted.org/packages/6d/30/d5ae812c54a70d5d3a5b67b073e92d1d14d36675242e2d00e6a175fa6117/maturin-1.12.2-py3-none-manylinux_2_17_ppc64le.manylinux2014_ppc64le.musllinux_1_1_ppc64le.whl", hash = "sha256:d1617989b4a5dc543fea6d23c28b2f07fadb2c726ff00fe959538ee71a301384", size = 12577754, upload-time = "2026-02-16T13:56:31.902Z" },
    { url = "https://files.pythonhosted.org/packages/84/f4/7baac2fa5324ccdc3f888ff5f6a793f3eb5a7805d89bc17a8bacbe9fc566/maturin-1.12.2-py3-none-manylinux_2_17_s390x.manylinux2014_s390x.whl", hash = "sha256:6af778e7ee048612e55a1255488db7678741bea2ba881e66a19712f59f2534cb", size = 10375409, upload-time = "2026-02-16T13:56:23.316Z" },
    { url = "https://files.pythonhosted.org/packages/6f/ed/5680efbb1becb4f47da3ada8ea4eb6844d2fd91ae558287e1dd0871cb603/maturin-1.12.2-py3-none-manylinux_2_31_riscv64.musllinux_1_1_riscv64.whl", hash = "sha256:72aad9efe09a6392de9930f2bea80bfcc36fd98e18caa621f512571179c02d41", size = 10010584, upload-time = "2026-02-16T13:56:10.357Z" },
    { url = "https://files.pythonhosted.org/packages/86/20/7e27e07dd2270b707dd0124256cd46bef7c8832476b0aefa2ecd74835365/maturin-1.12.2-py3-none-win32.whl", hash = "sha256:9763d277e143409cf0ce309eb1a493fc4e1e75777364d67ccac39a161b51b5b0", size = 8483122, upload-time = "2026-02-16T13:56:12.606Z" },
    { url = "https://files.pythonhosted.org/packages/3b/6e/9cc0e19c9a336fbc1b9664c1a7955caa6d8fd510c0047ace9be66a33704a/maturin-1.12.2-py3-none-win_amd64.whl", hash = "sha256:c06d218931985035d7ab4d0211ba96027e1bc7e4b01a87c8c4e30a57790403ec", size = 9825577, upload-time = "2026-02-16T13:56:34.193Z" },
    { url = "https://files.pythonhosted.org/packages/2e/67/07ea2c991ca1a55c6b08cd821710736276af7a3e160e1f869ea5c41c78c3/maturin-1.12.2-py3-none-win_arm64.whl", hash = "sha256:a882cc80c241b1e2c27bd1acd713b09e9ac9266a3159cc1e34e8c7b77f049bba", size = 8522702, upload-time = "2026-02-16T13:56:14.42Z" },
]

[[package]]
name = "mypy-extensions"
version = "1.1.0"
source = { registry = "https://pypi.org/simple" }
sdist = { url = "https://files.pythonhosted.org/packages/a2/6e/371856a3fb9d31ca8dac321cda606860fa4548858c0cc45d9d1d4ca2628b/mypy_extensions-1.1.0.tar.gz", hash = "sha256:52e68efc3284861e772bbcd66823fde5ae21fd2fdb51c62a211403730b916558", size = 6343, upload-time = "2025-04-22T14:54:24.164Z" }
wheels = [
    { url = "https://files.pythonhosted.org/packages/79/7b/2c79738432f5c924bef5071f933bcc9efd0473bac3b4aa584a6f7c1c8df8/mypy_extensions-1.1.0-py3-none-any.whl", hash = "sha256:1be4cccdb0f2482337c4743e60421de3a356cd97508abadd57d47403e94f5505", size = 4963, upload-time = "2025-04-22T14:54:22.983Z" },
]

[[package]]
name = "packaging"
version = "26.0"
source = { registry = "https://pypi.org/simple" }
sdist = { url = "https://files.pythonhosted.org/packages/65/ee/299d360cdc32edc7d2cf530f3accf79c4fca01e96ffc950d8a52213bd8e4/packaging-26.0.tar.gz", hash = "sha256:00243ae351a257117b6a241061796684b084ed1c516a08c48a3f7e147a9d80b4", size = 143416, upload-time = "2026-01-21T20:50:39.064Z" }
wheels = [
    { url = "https://files.pythonhosted.org/packages/b7/b9/c538f279a4e237a006a2c98387d081e9eb060d203d8ed34467cc0f0b9b53/packaging-26.0-py3-none-any.whl", hash = "sha256:b36f1fef9334a5588b4166f8bcd26a14e521f2b55e6b9de3aaa80d3ff7a37529", size = 74366, upload-time = "2026-01-21T20:50:37.788Z" },
]

[[package]]
name = "parso"
version = "0.8.5"
source = { registry = "https://pypi.org/simple" }
sdist = { url = "https://files.pythonhosted.org/packages/d4/de/53e0bcf53d13e005bd8c92e7855142494f41171b34c2536b86187474184d/parso-0.8.5.tar.gz", hash = "sha256:034d7354a9a018bdce352f48b2a8a450f05e9d6ee85db84764e9b6bd96dafe5a", size = 401205, upload-time = "2025-08-23T15:15:28.028Z" }
wheels = [
    { url = "https://files.pythonhosted.org/packages/16/32/f8e3c85d1d5250232a5d3477a2a28cc291968ff175caeadaf3cc19ce0e4a/parso-0.8.5-py2.py3-none-any.whl", hash = "sha256:646204b5ee239c396d040b90f9e272e9a8017c630092bf59980beb62fd033887", size = 106668, upload-time = "2025-08-23T15:15:25.663Z" },
]

[[package]]
name = "pathspec"
version = "1.0.3"
source = { registry = "https://pypi.org/simple" }
sdist = { url = "https://files.pythonhosted.org/packages/4c/b2/bb8e495d5262bfec41ab5cb18f522f1012933347fb5d9e62452d446baca2/pathspec-1.0.3.tar.gz", hash = "sha256:bac5cf97ae2c2876e2d25ebb15078eb04d76e4b98921ee31c6f85ade8b59444d", size = 130841, upload-time = "2026-01-09T15:46:46.009Z" }
wheels = [
    { url = "https://files.pythonhosted.org/packages/32/2b/121e912bd60eebd623f873fd090de0e84f322972ab25a7f9044c056804ed/pathspec-1.0.3-py3-none-any.whl", hash = "sha256:e80767021c1cc524aa3fb14bedda9c34406591343cc42797b386ce7b9354fb6c", size = 55021, upload-time = "2026-01-09T15:46:44.652Z" },
]

[[package]]
name = "platformdirs"
version = "4.5.1"
source = { registry = "https://pypi.org/simple" }
sdist = { url = "https://files.pythonhosted.org/packages/cf/86/0248f086a84f01b37aaec0fa567b397df1a119f73c16f6c7a9aac73ea309/platformdirs-4.5.1.tar.gz", hash = "sha256:61d5cdcc6065745cdd94f0f878977f8de9437be93de97c1c12f853c9c0cdcbda", size = 21715, upload-time = "2025-12-05T13:52:58.638Z" }
wheels = [
    { url = "https://files.pythonhosted.org/packages/cb/28/3bfe2fa5a7b9c46fe7e13c97bda14c895fb10fa2ebf1d0abb90e0cea7ee1/platformdirs-4.5.1-py3-none-any.whl", hash = "sha256:d03afa3963c806a9bed9d5125c8f4cb2fdaf74a55ab60e5d59b3fde758104d31", size = 18731, upload-time = "2025-12-05T13:52:56.823Z" },
]

[[package]]
name = "pluggy"
version = "1.6.0"
source = { registry = "https://pypi.org/simple" }
sdist = { url = "https://files.pythonhosted.org/packages/f9/e2/3e91f31a7d2b083fe6ef3fa267035b518369d9511ffab804f839851d2779/pluggy-1.6.0.tar.gz", hash = "sha256:7dcc130b76258d33b90f61b658791dede3486c3e6bfb003ee5c9bfb396dd22f3", size = 69412, upload-time = "2025-05-15T12:30:07.975Z" }
wheels = [
    { url = "https://files.pythonhosted.org/packages/54/20/4d324d65cc6d9205fabedc306948156824eb9f0ee1633355a8f7ec5c66bf/pluggy-1.6.0-py3-none-any.whl", hash = "sha256:e920276dd6813095e9377c0bc5566d94c932c33b27a3e3945d8389c374dd4746", size = 20538, upload-time = "2025-05-15T12:30:06.134Z" },
]

[[package]]
name = "pygments"
version = "2.19.2"
source = { registry = "https://pypi.org/simple" }
sdist = { url = "https://files.pythonhosted.org/packages/b0/77/a5b8c569bf593b0140bde72ea885a803b82086995367bf2037de0159d924/pygments-2.19.2.tar.gz", hash = "sha256:636cb2477cec7f8952536970bc533bc43743542f70392ae026374600add5b887", size = 4968631, upload-time = "2025-06-21T13:39:12.283Z" }
wheels = [
    { url = "https://files.pythonhosted.org/packages/c7/21/705964c7812476f378728bdf590ca4b771ec72385c533964653c68e86bdc/pygments-2.19.2-py3-none-any.whl", hash = "sha256:86540386c03d588bb81d44bc3928634ff26449851e99741617ecb9037ee5ec0b", size = 1225217, upload-time = "2025-06-21T13:39:07.939Z" },
]

[[package]]
name = "pytest"
version = "9.0.2"
source = { registry = "https://pypi.org/simple" }
dependencies = [
    { name = "colorama", marker = "sys_platform == 'win32'" },
    { name = "iniconfig" },
    { name = "packaging" },
    { name = "pluggy" },
    { name = "pygments" },
]
sdist = { url = "https://files.pythonhosted.org/packages/d1/db/7ef3487e0fb0049ddb5ce41d3a49c235bf9ad299b6a25d5780a89f19230f/pytest-9.0.2.tar.gz", hash = "sha256:75186651a92bd89611d1d9fc20f0b4345fd827c41ccd5c299a868a05d70edf11", size = 1568901, upload-time = "2025-12-06T21:30:51.014Z" }
wheels = [
    { url = "https://files.pythonhosted.org/packages/3b/ab/b3226f0bd7cdcf710fbede2b3548584366da3b19b5021e74f5bde2a8fa3f/pytest-9.0.2-py3-none-any.whl", hash = "sha256:711ffd45bf766d5264d487b917733b453d917afd2b0ad65223959f59089f875b", size = 374801, upload-time = "2025-12-06T21:30:49.154Z" },
]

[[package]]
name = "python-lsp-jsonrpc"
version = "1.1.2"
source = { registry = "https://pypi.org/simple" }
dependencies = [
    { name = "ujson" },
]
sdist = { url = "https://files.pythonhosted.org/packages/48/b6/fd92e2ea4635d88966bb42c20198df1a981340f07843b5e3c6694ba3557b/python-lsp-jsonrpc-1.1.2.tar.gz", hash = "sha256:4688e453eef55cd952bff762c705cedefa12055c0aec17a06f595bcc002cc912", size = 15298, upload-time = "2023-09-23T17:48:30.451Z" }
wheels = [
    { url = "https://files.pythonhosted.org/packages/cb/d9/656659d5b5d5f402b2b174cd0ba9bc827e07ce3c0bf88da65424baf64af8/python_lsp_jsonrpc-1.1.2-py3-none-any.whl", hash = "sha256:7339c2e9630ae98903fdaea1ace8c47fba0484983794d6aafd0bd8989be2b03c", size = 8805, upload-time = "2023-09-23T17:48:28.804Z" },
]

[[package]]
name = "python-lsp-ruff"
version = "2.3.0"
source = { registry = "https://pypi.org/simple" }
dependencies = [
    { name = "cattrs" },
    { name = "lsprotocol" },
    { name = "python-lsp-server" },
    { name = "ruff" },
]
sdist = { url = "https://files.pythonhosted.org/packages/af/79/2f6322c47bd2956447e0a6787084b4110b4473e3d2501b86aa47c802e6a0/python_lsp_ruff-2.3.0.tar.gz", hash = "sha256:647745b7f3010ac101e3c53a797b8f9deb1f52228b608d70ad0e8e056978c3b7", size = 17268, upload-time = "2025-09-29T20:14:02.994Z" }
wheels = [
    { url = "https://files.pythonhosted.org/packages/85/c0/761e359e255fce641c263a3c3e43f7685d1667139e9d35a376c1cc9f6f70/python_lsp_ruff-2.3.0-py3-none-any.whl", hash = "sha256:b858b698fbaff5670f6d5e6c66afc632908f78639d73dc85dedd33ae5fdd204f", size = 12039, upload-time = "2025-09-29T20:14:01.56Z" },
]

[[package]]
name = "python-lsp-server"
version = "1.14.0"
source = { registry = "https://pypi.org/simple" }
dependencies = [
    { name = "black" },
    { name = "docstring-to-markdown" },
    { name = "jedi" },
    { name = "pluggy" },
    { name = "python-lsp-jsonrpc" },
    { name = "ujson" },
]
sdist = { url = "https://files.pythonhosted.org/packages/b4/b5/b989d41c63390dfc2bf63275ab543b82fed076723d912055e77ccbae1422/python_lsp_server-1.14.0.tar.gz", hash = "sha256:509c445fc667f41ffd3191cb7512a497bf7dd76c14ceb1ee2f6c13ebe71f9a6b", size = 121536, upload-time = "2025-12-06T16:12:20.86Z" }
wheels = [
    { url = "https://files.pythonhosted.org/packages/08/cf/587f913335e3855e0ddca2aee7c3f9d5de2d75a1e23434891e9f74783bcd/python_lsp_server-1.14.0-py3-none-any.whl", hash = "sha256:a71a917464effc48f4c70363f90b8520e5e3ba8201428da80b97a7ceb259e32a", size = 77060, upload-time = "2025-12-06T16:12:19.46Z" },
]

[[package]]
name = "pytokens"
version = "0.4.0"
source = { registry = "https://pypi.org/simple" }
sdist = { url = "https://files.pythonhosted.org/packages/e5/16/4b9cfd90d55e66ffdb277d7ebe3bc25250c2311336ec3fc73b2673c794d5/pytokens-0.4.0.tar.gz", hash = "sha256:6b0b03e6ea7c9f9d47c5c61164b69ad30f4f0d70a5d9fe7eac4d19f24f77af2d", size = 15039, upload-time = "2026-01-19T07:59:50.623Z" }
wheels = [
    { url = "https://files.pythonhosted.org/packages/5f/f1/d07e6209f18ef378fc2ae9dee8d1dfe91fd2447c2e2dbfa32867b6dd30cf/pytokens-0.4.0-cp314-cp314-macosx_11_0_arm64.whl", hash = "sha256:0d7374c917197106d3c4761374718bc55ea2e9ac0fb94171588ef5840ee1f016", size = 159968, upload-time = "2026-01-19T07:59:23.07Z" },
    { url = "https://files.pythonhosted.org/packages/0a/73/0eb111400abd382a04f253b269819db9fcc748aa40748441cebdcb6d068f/pytokens-0.4.0-cp314-cp314-manylinux2014_aarch64.manylinux_2_17_aarch64.manylinux_2_28_aarch64.whl", hash = "sha256:0cd3fa1caf9e47a72ee134a29ca6b5bea84712724bba165d6628baa190c6ea5b", size = 253373, upload-time = "2026-01-19T07:59:24.381Z" },
    { url = "https://files.pythonhosted.org/packages/bd/8d/9e4e2fdb5bcaba679e54afcc304e9f13f488eb4d626e6b613f9553e03dbd/pytokens-0.4.0-cp314-cp314-manylinux2014_x86_64.manylinux_2_17_x86_64.manylinux_2_28_x86_64.whl", hash = "sha256:9c6986576b7b07fe9791854caa5347923005a80b079d45b63b0be70d50cce5f1", size = 267024, upload-time = "2026-01-19T07:59:25.74Z" },
    { url = "https://files.pythonhosted.org/packages/cb/b7/e0a370321af2deb772cff14ff337e1140d1eac2c29a8876bfee995f486f0/pytokens-0.4.0-cp314-cp314-musllinux_1_2_x86_64.whl", hash = "sha256:9940f7c2e2f54fb1cb5fe17d0803c54da7a2bf62222704eb4217433664a186a7", size = 270912, upload-time = "2026-01-19T07:59:27.072Z" },
    { url = "https://files.pythonhosted.org/packages/7c/54/4348f916c440d4c3e68b53b4ed0e66b292d119e799fa07afa159566dcc86/pytokens-0.4.0-cp314-cp314-win_amd64.whl", hash = "sha256:54691cf8f299e7efabcc25adb4ce715d3cef1491e1c930eaf555182f898ef66a", size = 103836, upload-time = "2026-01-19T07:59:28.112Z" },
    { url = "https://files.pythonhosted.org/packages/e8/f8/a693c0cfa9c783a2a8c4500b7b2a8bab420f8ca4f2d496153226bf1c12e3/pytokens-0.4.0-cp314-cp314t-macosx_11_0_arm64.whl", hash = "sha256:94ff5db97a0d3cd7248a5b07ba2167bd3edc1db92f76c6db00137bbaf068ddf8", size = 167643, upload-time = "2026-01-19T07:59:29.292Z" },
    { url = "https://files.pythonhosted.org/packages/c0/dd/a64eb1e9f3ec277b69b33ef1b40ffbcc8f0a3bafcde120997efc7bdefebf/pytokens-0.4.0-cp314-cp314t-manylinux2014_aarch64.manylinux_2_17_aarch64.manylinux_2_28_aarch64.whl", hash = "sha256:d0dd6261cd9cc95fae1227b1b6ebee023a5fd4a4b6330b071c73a516f5f59b63", size = 289553, upload-time = "2026-01-19T07:59:30.537Z" },
    { url = "https://files.pythonhosted.org/packages/df/22/06c1079d93dbc3bca5d013e1795f3d8b9ed6c87290acd6913c1c526a6bb2/pytokens-0.4.0-cp314-cp314t-manylinux2014_x86_64.manylinux_2_17_x86_64.manylinux_2_28_x86_64.whl", hash = "sha256:0cdca8159df407dbd669145af4171a0d967006e0be25f3b520896bc7068f02c4", size = 302490, upload-time = "2026-01-19T07:59:32.352Z" },
    { url = "https://files.pythonhosted.org/packages/8d/de/a6f5e43115b4fbf4b93aa87d6c83c79932cdb084f9711daae04549e1e4ad/pytokens-0.4.0-cp314-cp314t-musllinux_1_2_x86_64.whl", hash = "sha256:4b5770abeb2a24347380a1164a558f0ebe06e98aedbd54c45f7929527a5fb26e", size = 305652, upload-time = "2026-01-19T07:59:33.685Z" },
    { url = "https://files.pythonhosted.org/packages/ab/3d/c136e057cb622e36e0c3ff7a8aaa19ff9720050c4078235691da885fe6ee/pytokens-0.4.0-cp314-cp314t-win_amd64.whl", hash = "sha256:74500d72c561dad14c037a9e86a657afd63e277dd5a3bb7570932ab7a3b12551", size = 115472, upload-time = "2026-01-19T07:59:34.734Z" },
    { url = "https://files.pythonhosted.org/packages/7c/3c/6941a82f4f130af6e1c68c076b6789069ef10c04559bd4733650f902fd3b/pytokens-0.4.0-py3-none-any.whl", hash = "sha256:0508d11b4de157ee12063901603be87fb0253e8f4cb9305eb168b1202ab92068", size = 13224, upload-time = "2026-01-19T07:59:49.822Z" },
]

[[package]]
name = "ruff"
version = "0.14.14"
source = { registry = "https://pypi.org/simple" }
sdist = { url = "https://files.pythonhosted.org/packages/2e/06/f71e3a86b2df0dfa2d2f72195941cd09b44f87711cb7fa5193732cb9a5fc/ruff-0.14.14.tar.gz", hash = "sha256:2d0f819c9a90205f3a867dbbd0be083bee9912e170fd7d9704cc8ae45824896b", size = 4515732, upload-time = "2026-01-22T22:30:17.527Z" }
wheels = [
    { url = "https://files.pythonhosted.org/packages/d2/89/20a12e97bc6b9f9f68343952da08a8099c57237aef953a56b82711d55edd/ruff-0.14.14-py3-none-linux_armv6l.whl", hash = "sha256:7cfe36b56e8489dee8fbc777c61959f60ec0f1f11817e8f2415f429552846aed", size = 10467650, upload-time = "2026-01-22T22:30:08.578Z" },
    { url = "https://files.pythonhosted.org/packages/a3/b1/c5de3fd2d5a831fcae21beda5e3589c0ba67eec8202e992388e4b17a6040/ruff-0.14.14-py3-none-macosx_10_12_x86_64.whl", hash = "sha256:6006a0082336e7920b9573ef8a7f52eec837add1265cc74e04ea8a4368cd704c", size = 10883245, upload-time = "2026-01-22T22:30:04.155Z" },
    { url = "https://files.pythonhosted.org/packages/b8/7c/3c1db59a10e7490f8f6f8559d1db8636cbb13dccebf18686f4e3c9d7c772/ruff-0.14.14-py3-none-macosx_11_0_arm64.whl", hash = "sha256:026c1d25996818f0bf498636686199d9bd0d9d6341c9c2c3b62e2a0198b758de", size = 10231273, upload-time = "2026-01-22T22:30:34.642Z" },
    { url = "https://files.pythonhosted.org/packages/a1/6e/5e0e0d9674be0f8581d1f5e0f0a04761203affce3232c1a1189d0e3b4dad/ruff-0.14.14-py3-none-manylinux_2_17_aarch64.manylinux2014_aarch64.whl", hash = "sha256:f666445819d31210b71e0a6d1c01e24447a20b85458eea25a25fe8142210ae0e", size = 10585753, upload-time = "2026-01-22T22:30:31.781Z" },
    { url = "https://files.pythonhosted.org/packages/23/09/754ab09f46ff1884d422dc26d59ba18b4e5d355be147721bb2518aa2a014/ruff-0.14.14-py3-none-manylinux_2_17_armv7l.manylinux2014_armv7l.whl", hash = "sha256:3c0f18b922c6d2ff9a5e6c3ee16259adc513ca775bcf82c67ebab7cbd9da5bc8", size = 10286052, upload-time = "2026-01-22T22:30:24.827Z" },
    { url = "https://files.pythonhosted.org/packages/c8/cc/e71f88dd2a12afb5f50733851729d6b571a7c3a35bfdb16c3035132675a0/ruff-0.14.14-py3-none-manylinux_2_17_i686.manylinux2014_i686.whl", hash = "sha256:1629e67489c2dea43e8658c3dba659edbfd87361624b4040d1df04c9740ae906", size = 11043637, upload-time = "2026-01-22T22:30:13.239Z" },
    { url = "https://files.pythonhosted.org/packages/67/b2/397245026352494497dac935d7f00f1468c03a23a0c5db6ad8fc49ca3fb2/ruff-0.14.14-py3-none-manylinux_2_17_ppc64.manylinux2014_ppc64.whl", hash = "sha256:27493a2131ea0f899057d49d303e4292b2cae2bb57253c1ed1f256fbcd1da480", size = 12194761, upload-time = "2026-01-22T22:30:22.542Z" },
    { url = "https://files.pythonhosted.org/packages/5b/06/06ef271459f778323112c51b7587ce85230785cd64e91772034ddb88f200/ruff-0.14.14-py3-none-manylinux_2_17_ppc64le.manylinux2014_ppc64le.whl", hash = "sha256:01ff589aab3f5b539e35db38425da31a57521efd1e4ad1ae08fc34dbe30bd7df", size = 12005701, upload-time = "2026-01-22T22:30:20.499Z" },
    { url = "https://files.pythonhosted.org/packages/41/d6/99364514541cf811ccc5ac44362f88df66373e9fec1b9d1c4cc830593fe7/ruff-0.14.14-py3-none-manylinux_2_17_s390x.manylinux2014_s390x.whl", hash = "sha256:1cc12d74eef0f29f51775f5b755913eb523546b88e2d733e1d701fe65144e89b", size = 11282455, upload-time = "2026-01-22T22:29:59.679Z" },
    { url = "https://files.pythonhosted.org/packages/ca/71/37daa46f89475f8582b7762ecd2722492df26421714a33e72ccc9a84d7a5/ruff-0.14.14-py3-none-manylinux_2_17_x86_64.manylinux2014_x86_64.whl", hash = "sha256:bb8481604b7a9e75eff53772496201690ce2687067e038b3cc31aaf16aa0b974", size = 11215882, upload-time = "2026-01-22T22:29:57.032Z" },
    { url = "https://files.pythonhosted.org/packages/2c/10/a31f86169ec91c0705e618443ee74ede0bdd94da0a57b28e72db68b2dbac/ruff-0.14.14-py3-none-manylinux_2_31_riscv64.whl", hash = "sha256:14649acb1cf7b5d2d283ebd2f58d56b75836ed8c6f329664fa91cdea19e76e66", size = 11180549, upload-time = "2026-01-22T22:30:27.175Z" },
    { url = "https://files.pythonhosted.org/packages/fd/1e/c723f20536b5163adf79bdd10c5f093414293cdf567eed9bdb7b83940f3f/ruff-0.14.14-py3-none-musllinux_1_2_aarch64.whl", hash = "sha256:e8058d2145566510790eab4e2fad186002e288dec5e0d343a92fe7b0bc1b3e13", size = 10543416, upload-time = "2026-01-22T22:30:01.964Z" },
    { url = "https://files.pythonhosted.org/packages/3e/34/8a84cea7e42c2d94ba5bde1d7a4fae164d6318f13f933d92da6d7c2041ff/ruff-0.14.14-py3-none-musllinux_1_2_armv7l.whl", hash = "sha256:e651e977a79e4c758eb807f0481d673a67ffe53cfa92209781dfa3a996cf8412", size = 10285491, upload-time = "2026-01-22T22:30:29.51Z" },
    { url = "https://files.pythonhosted.org/packages/55/ef/b7c5ea0be82518906c978e365e56a77f8de7678c8bb6651ccfbdc178c29f/ruff-0.14.14-py3-none-musllinux_1_2_i686.whl", hash = "sha256:cc8b22da8d9d6fdd844a68ae937e2a0adf9b16514e9a97cc60355e2d4b219fc3", size = 10733525, upload-time = "2026-01-22T22:30:06.499Z" },
    { url = "https://files.pythonhosted.org/packages/6a/5b/aaf1dfbcc53a2811f6cc0a1759de24e4b03e02ba8762daabd9b6bd8c59e3/ruff-0.14.14-py3-none-musllinux_1_2_x86_64.whl", hash = "sha256:16bc890fb4cc9781bb05beb5ab4cd51be9e7cb376bf1dd3580512b24eb3fda2b", size = 11315626, upload-time = "2026-01-22T22:30:36.848Z" },
    { url = "https://files.pythonhosted.org/packages/2c/aa/9f89c719c467dfaf8ad799b9bae0df494513fb21d31a6059cb5870e57e74/ruff-0.14.14-py3-none-win32.whl", hash = "sha256:b530c191970b143375b6a68e6f743800b2b786bbcf03a7965b06c4bf04568167", size = 10502442, upload-time = "2026-01-22T22:30:38.93Z" },
    { url = "https://files.pythonhosted.org/packages/87/44/90fa543014c45560cae1fffc63ea059fb3575ee6e1cb654562197e5d16fb/ruff-0.14.14-py3-none-win_amd64.whl", hash = "sha256:3dde1435e6b6fe5b66506c1dff67a421d0b7f6488d466f651c07f4cab3bf20fd", size = 11630486, upload-time = "2026-01-22T22:30:10.852Z" },
    { url = "https://files.pythonhosted.org/packages/9e/6a/40fee331a52339926a92e17ae748827270b288a35ef4a15c9c8f2ec54715/ruff-0.14.14-py3-none-win_arm64.whl", hash = "sha256:56e6981a98b13a32236a72a8da421d7839221fa308b223b9283312312e5ac76c", size = 10920448, upload-time = "2026-01-22T22:30:15.417Z" },
]

[[package]]
name = "typing-extensions"
version = "4.15.0"
source = { registry = "https://pypi.org/simple" }
sdist = { url = "https://files.pythonhosted.org/packages/72/94/1a15dd82efb362ac84269196e94cf00f187f7ed21c242792a923cdb1c61f/typing_extensions-4.15.0.tar.gz", hash = "sha256:0cea48d173cc12fa28ecabc3b837ea3cf6f38c6d1136f85cbaaf598984861466", size = 109391, upload-time = "2025-08-25T13:49:26.313Z" }
wheels = [
    { url = "https://files.pythonhosted.org/packages/18/67/36e9267722cc04a6b9f15c7f3441c2363321a3ea07da7ae0c0707beb2a9c/typing_extensions-4.15.0-py3-none-any.whl", hash = "sha256:f0fa19c6845758ab08074a0cfa8b7aecb71c999ca73d62883bc25cc018c4e548", size = 44614, upload-time = "2025-08-25T13:49:24.86Z" },
]

[[package]]
name = "ujson"
version = "5.11.0"
source = { registry = "https://pypi.org/simple" }
sdist = { url = "https://files.pythonhosted.org/packages/43/d9/3f17e3c5773fb4941c68d9a37a47b1a79c9649d6c56aefbed87cc409d18a/ujson-5.11.0.tar.gz", hash = "sha256:e204ae6f909f099ba6b6b942131cee359ddda2b6e4ea39c12eb8b991fe2010e0", size = 7156583, upload-time = "2025-08-20T11:57:02.452Z" }
wheels = [
    { url = "https://files.pythonhosted.org/packages/28/08/4518146f4984d112764b1dfa6fb7bad691c44a401adadaa5e23ccd930053/ujson-5.11.0-cp314-cp314-macosx_10_13_x86_64.whl", hash = "sha256:65724738c73645db88f70ba1f2e6fb678f913281804d5da2fd02c8c5839af302", size = 55462, upload-time = "2025-08-20T11:56:04.873Z" },
    { url = "https://files.pythonhosted.org/packages/29/37/2107b9a62168867a692654d8766b81bd2fd1e1ba13e2ec90555861e02b0c/ujson-5.11.0-cp314-cp314-macosx_11_0_arm64.whl", hash = "sha256:29113c003ca33ab71b1b480bde952fbab2a0b6b03a4ee4c3d71687cdcbd1a29d", size = 53246, upload-time = "2025-08-20T11:56:06.054Z" },
    { url = "https://files.pythonhosted.org/packages/9b/f8/25583c70f83788edbe3ca62ce6c1b79eff465d78dec5eb2b2b56b3e98b33/ujson-5.11.0-cp314-cp314-manylinux_2_24_aarch64.manylinux_2_28_aarch64.whl", hash = "sha256:c44c703842024d796b4c78542a6fcd5c3cb948b9fc2a73ee65b9c86a22ee3638", size = 57631, upload-time = "2025-08-20T11:56:07.374Z" },
    { url = "https://files.pythonhosted.org/packages/ed/ca/19b3a632933a09d696f10dc1b0dfa1d692e65ad507d12340116ce4f67967/ujson-5.11.0-cp314-cp314-manylinux_2_24_i686.manylinux_2_28_i686.whl", hash = "sha256:e750c436fb90edf85585f5c62a35b35082502383840962c6983403d1bd96a02c", size = 59877, upload-time = "2025-08-20T11:56:08.534Z" },
    { url = "https://files.pythonhosted.org/packages/55/7a/4572af5324ad4b2bfdd2321e898a527050290147b4ea337a79a0e4e87ec7/ujson-5.11.0-cp314-cp314-manylinux_2_24_x86_64.manylinux_2_28_x86_64.whl", hash = "sha256:f278b31a7c52eb0947b2db55a5133fbc46b6f0ef49972cd1a80843b72e135aba", size = 57363, upload-time = "2025-08-20T11:56:09.758Z" },
    { url = "https://files.pythonhosted.org/packages/7b/71/a2b8c19cf4e1efe53cf439cdf7198ac60ae15471d2f1040b490c1f0f831f/ujson-5.11.0-cp314-cp314-musllinux_1_2_aarch64.whl", hash = "sha256:ab2cb8351d976e788669c8281465d44d4e94413718af497b4e7342d7b2f78018", size = 1036394, upload-time = "2025-08-20T11:56:11.168Z" },
    { url = "https://files.pythonhosted.org/packages/7a/3e/7b98668cba3bb3735929c31b999b374ebc02c19dfa98dfebaeeb5c8597ca/ujson-5.11.0-cp314-cp314-musllinux_1_2_i686.whl", hash = "sha256:090b4d11b380ae25453100b722d0609d5051ffe98f80ec52853ccf8249dfd840", size = 1195837, upload-time = "2025-08-20T11:56:12.6Z" },
    { url = "https://files.pythonhosted.org/packages/a1/ea/8870f208c20b43571a5c409ebb2fe9b9dba5f494e9e60f9314ac01ea8f78/ujson-5.11.0-cp314-cp314-musllinux_1_2_x86_64.whl", hash = "sha256:80017e870d882d5517d28995b62e4e518a894f932f1e242cbc802a2fd64d365c", size = 1088837, upload-time = "2025-08-20T11:56:14.15Z" },
    { url = "https://files.pythonhosted.org/packages/63/b6/c0e6607e37fa47929920a685a968c6b990a802dec65e9c5181e97845985d/ujson-5.11.0-cp314-cp314-win32.whl", hash = "sha256:1d663b96eb34c93392e9caae19c099ec4133ba21654b081956613327f0e973ac", size = 41022, upload-time = "2025-08-20T11:56:15.509Z" },
    { url = "https://files.pythonhosted.org/packages/4e/56/f4fe86b4c9000affd63e9219e59b222dc48b01c534533093e798bf617a7e/ujson-5.11.0-cp314-cp314-win_amd64.whl", hash = "sha256:849e65b696f0d242833f1df4182096cedc50d414215d1371fca85c541fbff629", size = 45111, upload-time = "2025-08-20T11:56:16.597Z" },
    { url = "https://files.pythonhosted.org/packages/0a/f3/669437f0280308db4783b12a6d88c00730b394327d8334cc7a32ef218e64/ujson-5.11.0-cp314-cp314-win_arm64.whl", hash = "sha256:e73df8648c9470af2b6a6bf5250d4744ad2cf3d774dcf8c6e31f018bdd04d764", size = 39682, upload-time = "2025-08-20T11:56:17.763Z" },
    { url = "https://files.pythonhosted.org/packages/6e/cd/e9809b064a89fe5c4184649adeb13c1b98652db3f8518980b04227358574/ujson-5.11.0-cp314-cp314t-macosx_10_13_x86_64.whl", hash = "sha256:de6e88f62796372fba1de973c11138f197d3e0e1d80bcb2b8aae1e826096d433", size = 55759, upload-time = "2025-08-20T11:56:18.882Z" },
    { url = "https://files.pythonhosted.org/packages/1b/be/ae26a6321179ebbb3a2e2685b9007c71bcda41ad7a77bbbe164005e956fc/ujson-5.11.0-cp314-cp314t-macosx_11_0_arm64.whl", hash = "sha256:49e56ef8066f11b80d620985ae36869a3ff7e4b74c3b6129182ec5d1df0255f3", size = 53634, upload-time = "2025-08-20T11:56:20.012Z" },
    { url = "https://files.pythonhosted.org/packages/ae/e9/fb4a220ee6939db099f4cfeeae796ecb91e7584ad4d445d4ca7f994a9135/ujson-5.11.0-cp314-cp314t-manylinux_2_24_aarch64.manylinux_2_28_aarch64.whl", hash = "sha256:1a325fd2c3a056cf6c8e023f74a0c478dd282a93141356ae7f16d5309f5ff823", size = 58547, upload-time = "2025-08-20T11:56:21.175Z" },
    { url = "https://files.pythonhosted.org/packages/bd/f8/fc4b952b8f5fea09ea3397a0bd0ad019e474b204cabcb947cead5d4d1ffc/ujson-5.11.0-cp314-cp314t-manylinux_2_24_i686.manylinux_2_28_i686.whl", hash = "sha256:a0af6574fc1d9d53f4ff371f58c96673e6d988ed2b5bf666a6143c782fa007e9", size = 60489, upload-time = "2025-08-20T11:56:22.342Z" },
    { url = "https://files.pythonhosted.org/packages/2e/e5/af5491dfda4f8b77e24cf3da68ee0d1552f99a13e5c622f4cef1380925c3/ujson-5.11.0-cp314-cp314t-manylinux_2_24_x86_64.manylinux_2_28_x86_64.whl", hash = "sha256:10f29e71ecf4ecd93a6610bd8efa8e7b6467454a363c3d6416db65de883eb076", size = 58035, upload-time = "2025-08-20T11:56:23.92Z" },
    { url = "https://files.pythonhosted.org/packages/c4/09/0945349dd41f25cc8c38d78ace49f14c5052c5bbb7257d2f466fa7bdb533/ujson-5.11.0-cp314-cp314t-musllinux_1_2_aarch64.whl", hash = "sha256:1a0a9b76a89827a592656fe12e000cf4f12da9692f51a841a4a07aa4c7ecc41c", size = 1037212, upload-time = "2025-08-20T11:56:25.274Z" },
    { url = "https://files.pythonhosted.org/packages/49/44/8e04496acb3d5a1cbee3a54828d9652f67a37523efa3d3b18a347339680a/ujson-5.11.0-cp314-cp314t-musllinux_1_2_i686.whl", hash = "sha256:b16930f6a0753cdc7d637b33b4e8f10d5e351e1fb83872ba6375f1e87be39746", size = 1196500, upload-time = "2025-08-20T11:56:27.517Z" },
    { url = "https://files.pythonhosted.org/packages/64/ae/4bc825860d679a0f208a19af2f39206dfd804ace2403330fdc3170334a2f/ujson-5.11.0-cp314-cp314t-musllinux_1_2_x86_64.whl", hash = "sha256:04c41afc195fd477a59db3a84d5b83a871bd648ef371cf8c6f43072d89144eef", size = 1089487, upload-time = "2025-08-20T11:56:29.07Z" },
    { url = "https://files.pythonhosted.org/packages/30/ed/5a057199fb0a5deabe0957073a1c1c1c02a3e99476cd03daee98ea21fa57/ujson-5.11.0-cp314-cp314t-win32.whl", hash = "sha256:aa6d7a5e09217ff93234e050e3e380da62b084e26b9f2e277d2606406a2fc2e5", size = 41859, upload-time = "2025-08-20T11:56:30.495Z" },
    { url = "https://files.pythonhosted.org/packages/aa/03/b19c6176bdf1dc13ed84b886e99677a52764861b6cc023d5e7b6ebda249d/ujson-5.11.0-cp314-cp314t-win_amd64.whl", hash = "sha256:48055e1061c1bb1f79e75b4ac39e821f3f35a9b82de17fce92c3140149009bec", size = 46183, upload-time = "2025-08-20T11:56:31.574Z" },
    { url = "https://files.pythonhosted.org/packages/5d/ca/a0413a3874b2dc1708b8796ca895bf363292f9c70b2e8ca482b7dbc0259d/ujson-5.11.0-cp314-cp314t-win_arm64.whl", hash = "sha256:1194b943e951092db611011cb8dbdb6cf94a3b816ed07906e14d3bc6ce0e90ab", size = 40264, upload-time = "2025-08-20T11:56:32.773Z" },
]

[[package]]
name = "win32-setctime"
version = "1.2.0"
source = { registry = "https://pypi.org/simple" }
sdist = { url = "https://files.pythonhosted.org/packages/b3/8f/705086c9d734d3b663af0e9bb3d4de6578d08f46b1b101c2442fd9aecaa2/win32_setctime-1.2.0.tar.gz", hash = "sha256:ae1fdf948f5640aae05c511ade119313fb6a30d7eabe25fef9764dca5873c4c0", size = 4867, upload-time = "2024-12-07T15:28:28.314Z" }
wheels = [
    { url = "https://files.pythonhosted.org/packages/e1/07/c6fe3ad3e685340704d314d765b7912993bcb8dc198f0e7a89382d37974b/win32_setctime-1.2.0-py3-none-any.whl", hash = "sha256:95d644c4e708aba81dc3704a116d8cbc974d70b3bdb8be1d150e36be6e9d1390", size = 4083, upload-time = "2024-12-07T15:28:26.465Z" },
]

[[package]]
name = "zipp"
version = "3.23.0"
source = { registry = "https://pypi.org/simple" }
sdist = { url = "https://files.pythonhosted.org/packages/e3/02/0f2892c661036d50ede074e376733dca2ae7c6eb617489437771209d4180/zipp-3.23.0.tar.gz", hash = "sha256:a07157588a12518c9d4034df3fbbee09c814741a33ff63c05fa29d26a2404166", size = 25547, upload-time = "2025-06-08T17:06:39.4Z" }
wheels = [
    { url = "https://files.pythonhosted.org/packages/2e/54/647ade08bf0db230bfea292f893923872fd20be6ac6f53b2b936ba839d75/zipp-3.23.0-py3-none-any.whl", hash = "sha256:071652d6115ed432f5ce1d34c336c0adfd6a884660d1e9712a256d3d3bd4b14e", size = 10276, upload-time = "2025-06-08T17:06:38.034Z" },
]
